
Microsoft Visual Studio Solution File, Format Version 12.00
# Visual Studio Version 16
VisualStudioVersion = 16.0.30002.166
MinimumVisualStudioVersion = 10.0.40219.1
Project("{FAE04EC0-301F-11D3-BF4B-00C04F79EFBC}") = "SampleGen", "SampleGen\SampleGen.csproj", "{A45AC215-6F38-43B4-920C-E240DE888D94}"
EndProject
Global
	GlobalSection(SolutionConfigurationPlatforms) = preSolution
		Debug|Any CPU = Debug|Any CPU
		Release|Any CPU = Release|Any CPU
	EndGlobalSection
	GlobalSection(ProjectConfigurationPlatforms) = postSolution
		{A45AC215-6F38-43B4-920C-E240DE888D94}.Debug|Any CPU.ActiveCfg = Debug|Any CPU
		{A45AC215-6F38-43B4-920C-E240DE888D94}.Debug|Any CPU.Build.0 = Debug|Any CPU
		{A45AC215-6F38-43B4-920C-E240DE888D94}.Release|Any CPU.ActiveCfg = Release|Any CPU
		{A45AC215-6F38-43B4-920C-E240DE888D94}.Release|Any CPU.Build.0 = Release|Any CPU
	EndGlobalSection
	GlobalSection(SolutionProperties) = preSolution
		HideSolutionNode = FALSE
	EndGlobalSection
	GlobalSection(ExtensibilityGlobals) = postSolution
		SolutionGuid = {DEF879AD-1E92-4F23-9F35-4CA89F14169B}
	EndGlobalSection
EndGlobal
